
Microsoft Visual Studio Solution File, Format Version 12.00
# Visual Studio 15
VisualStudioVersion = 15.0.27703.2047
MinimumVisualStudioVersion = 10.0.40219.1
Project("{FAE04EC0-301F-11D3-BF4B-00C04F79EFBC}") = "NumbersFrom1To50", "NumbersFrom1To50\NumbersFrom1To50.csproj", "{B8034AA3-8E15-437B-ADE9-9B45599644DA}"
EndProject
Global
	GlobalSection(SolutionConfigurationPlatforms) = preSolution
		Debug|Any CPU = Debug|Any CPU
		Release|Any CPU = Release|Any CPU
	EndGlobalSection
	GlobalSection(ProjectConfigurationPlatforms) = postSolution
		{B8034AA3-8E15-437B-ADE9-9B45599644DA}.Debug|Any CPU.ActiveCfg = Debug|Any CPU
		{B8034AA3-8E15-437B-ADE9-9B45599644DA}.Debug|Any CPU.Build.0 = Debug|Any CPU
		{B8034AA3-8E15-437B-ADE9-9B45599644DA}.Release|Any CPU.ActiveCfg = Release|Any CPU
		{B8034AA3-8E15-437B-ADE9-9B45599644DA}.Release|Any CPU.Build.0 = Release|Any CPU
	EndGlobalSection
	GlobalSection(SolutionProperties) = preSolution
		HideSolutionNode = FALSE
	EndGlobalSection
	GlobalSection(ExtensibilityGlobals) = postSolution
		SolutionGuid = {6DCE4AEB-40F2-432B-96E4-DE0CD23C7513}
	EndGlobalSection
EndGlobal
